
Microsoft Visual Studio Solution File, Format Version 12.00
# Visual Studio Version 17
VisualStudioVersion = 17.1.32210.238
MinimumVisualStudioVersion = 10.0.40219.1
Project("{FAE04EC0-301F-11D3-BF4B-00C04F79EFBC}") = "API", "API.csproj", "{299A758D-0613-4CB8-9EF6-861A8C102ED5}"
EndProject
Global
	GlobalSection(SolutionConfigurationPlatforms) = preSolution
		Debug|Any CPU = Debug|Any CPU
		Release|Any CPU = Release|Any CPU
	EndGlobalSection
	GlobalSection(ProjectConfigurationPlatforms) = postSolution
		{299A758D-0613-4CB8-9EF6-861A8C102ED5}.Debug|Any CPU.ActiveCfg = Debug|Any CPU
		{299A758D-0613-4CB8-9EF6-861A8C102ED5}.Debug|Any CPU.Build.0 = Debug|Any CPU
		{299A758D-0613-4CB8-9EF6-861A8C102ED5}.Release|Any CPU.ActiveCfg = Release|Any CPU
		{299A758D-0613-4CB8-9EF6-861A8C102ED5}.Release|Any CPU.Build.0 = Release|Any CPU
	EndGlobalSection
	GlobalSection(SolutionProperties) = preSolution
		HideSolutionNode = FALSE
	EndGlobalSection
	GlobalSection(ExtensibilityGlobals) = postSolution
		SolutionGuid = {A5C9151F-EE83-46DB-976D-DE6046B6A1AA}
	EndGlobalSection
EndGlobal
